github.com/neo4j/neo4j-go-driver/v5 v5.3.0 h1:lHar0TrufgbFWo8uYoVVBDemYlPVxw3+sRJOxPmf1uE=
github.com/neo4j/neo4j-go-driver/v5 v5.3.0/go.mod h1:Vff8OwT7QpLm7L2yYr85XNWe9Rbqlbeb9asNXJTHO4k=
golang.org/x/mod v0.6.0 h1:b9gGHsz9/HhJ3HF5DHQytPpuwocVTChQJK3AvoLRD5I=
golang.org/x/mod v0.6.0/go.mod h1:4mET923SAdbXp2ki8ey+zGs1SLqsuM2Y0uvdZR/fUNI=
golang.org/x/time v0.2.0 h1:52I/1L54xyEQAYdtcSuxtiT84KGYTBGXwayxmIpNJhE=
golang.org/x/time v0.2.0/go.mod h1:tRJNPiyCQ0inRvYxbN9jk5I+vvW/OXSQhTDSoE431IQ=
golang.org/x/vuln v0.0.0-20221122171214-05fb7250142c h1:Q/cUnXhEEKm8vd19JItKXGfjQl2Tts0p7mR0uXW7LJE=
golang.org/x/vuln v0.0.0-20221122171214-05fb7250142c/go.mod h1:8nFLBv8KFyZ2VuczUYssYKh+fcBR3BuXDG/HIWcxlwM=
